# This file is automatically @generated by Cargo.
# It is not intended for manual editing.
version = 3

[[package]]
name = "iota"
version = "0.2.3"
source = "registry+https://github.com/rust-lang/crates.io-index"
checksum = "680dd6d5502d25bf20a63b093da51b1b2663099dcd7b0fd450cc9e88c9465d4f"

[[package]]
name = "jaql"
version = "0.1.0"
dependencies = [
 "iota",
]
